
Microsoft Visual Studio Solution File, Format Version 12.00
# Visual Studio Version 16
VisualStudioVersion = 16.0.30523.141
MinimumVisualStudioVersion = 10.0.40219.1
Project("{FAE04EC0-301F-11D3-BF4B-00C04F79EFBC}") = "LMS.UI", "LMS.UI\LMS.UI.csproj", "{02659F00-B52E-4D02-900F-A1257A4C293C}"
EndProject
Project("{FAE04EC0-301F-11D3-BF4B-00C04F79EFBC}") = "LMS.Business", "LMS.Business\LMS.Business.csproj", "{AD31F3EA-FE95-4CAA-B412-FC56F925B700}"
EndProject
Project("{FAE04EC0-301F-11D3-BF4B-00C04F79EFBC}") = "LMS.Model", "LMS.Model\LMS.Model.csproj", "{1D333D02-2A9D-4BCC-BCF5-6BBCC3E1C388}"
EndProject
Project("{FAE04EC0-301F-11D3-BF4B-00C04F79EFBC}") = "LMS.Repositary", "LMS.Repository\LMS.Repositary.csproj", "{6E3BFE41-9DD9-454F-B8E4-9EA11427EA88}"
EndProject
Global
	GlobalSection(SolutionConfigurationPlatforms) = preSolution
		Debug|Any CPU = Debug|Any CPU
		Release|Any CPU = Release|Any CPU
	EndGlobalSection
	GlobalSection(ProjectConfigurationPlatforms) = postSolution
		{02659F00-B52E-4D02-900F-A1257A4C293C}.Debug|Any CPU.ActiveCfg = Debug|Any CPU
		{02659F00-B52E-4D02-900F-A1257A4C293C}.Debug|Any CPU.Build.0 = Debug|Any CPU
		{02659F00-B52E-4D02-900F-A1257A4C293C}.Release|Any CPU.ActiveCfg = Release|Any CPU
		{02659F00-B52E-4D02-900F-A1257A4C293C}.Release|Any CPU.Build.0 = Release|Any CPU
		{AD31F3EA-FE95-4CAA-B412-FC56F925B700}.Debug|Any CPU.ActiveCfg = Debug|Any CPU
		{AD31F3EA-FE95-4CAA-B412-FC56F925B700}.Debug|Any CPU.Build.0 = Debug|Any CPU
		{AD31F3EA-FE95-4CAA-B412-FC56F925B700}.Release|Any CPU.ActiveCfg = Release|Any CPU
		{AD31F3EA-FE95-4CAA-B412-FC56F925B700}.Release|Any CPU.Build.0 = Release|Any CPU
		{1D333D02-2A9D-4BCC-BCF5-6BBCC3E1C388}.Debug|Any CPU.ActiveCfg = Debug|Any CPU
		{1D333D02-2A9D-4BCC-BCF5-6BBCC3E1C388}.Debug|Any CPU.Build.0 = Debug|Any CPU
		{1D333D02-2A9D-4BCC-BCF5-6BBCC3E1C388}.Release|Any CPU.ActiveCfg = Release|Any CPU
		{1D333D02-2A9D-4BCC-BCF5-6BBCC3E1C388}.Release|Any CPU.Build.0 = Release|Any CPU
		{6E3BFE41-9DD9-454F-B8E4-9EA11427EA88}.Debug|Any CPU.ActiveCfg = Debug|Any CPU
		{6E3BFE41-9DD9-454F-B8E4-9EA11427EA88}.Debug|Any CPU.Build.0 = Debug|Any CPU
		{6E3BFE41-9DD9-454F-B8E4-9EA11427EA88}.Release|Any CPU.ActiveCfg = Release|Any CPU
		{6E3BFE41-9DD9-454F-B8E4-9EA11427EA88}.Release|Any CPU.Build.0 = Release|Any CPU
	EndGlobalSection
	GlobalSection(SolutionProperties) = preSolution
		HideSolutionNode = FALSE
	EndGlobalSection
	GlobalSection(ExtensibilityGlobals) = postSolution
		SolutionGuid = {F38418B4-E87F-4E75-BEEE-9AD03108F2F4}
	EndGlobalSection
EndGlobal
